// !$*UTF8*$!
{
	archiveVersion = 1;
	classes = {
	};
	objectVersion = 50;
	objects = {

/* Begin PBXBuildFile section */
		0E7350B924BCB9D000F5CFB4 /* main.m in Sources */ = {isa = PBXBuildFile; fileRef = 0E7350B824BCB9D000F5CFB4 /* main.m */; };
/* End PBXBuildFile section */

/* Begin PBXCopyFilesBuildPhase section */
		0E7350B324BCB9D000F5CFB4 /* CopyFiles */ = {
			isa = PBXCopyFilesBuildPhase;
			buildActionMask = 2147483647;
			dstPath = /usr/share/man/man1/;
			dstSubfolderSpec = 0;
			files = (
			);
			runOnlyForDeploymentPostprocessing = 1;
		};
/* End PBXCopyFilesBuildPhase section */

/* Begin PBXFileReference section */
		0E33AC6A24C0B87200F2ACCB /* main-部分排序.m */ = {isa = PBXFileReference; fileEncoding = 4; lastKnownFileType = sourcecode.c.objc; path = "main-部分排序.m"; sourceTree = "<group>"; };
		0E33AC6D24C0B87200F2ACCB /* main-合并两个有序链表.m */ = {isa = PBXFileReference; fileEncoding = 4; lastKnownFileType = sourcecode.c.objc; path = "main-合并两个有序链表.m"; sourceTree = "<group>"; };
		0E7350B524BCB9D000F5CFB4 /* JaneLeetCode */ = {isa = PBXFileReference; explicitFileType = "compiled.mach-o.executable"; includeInIndex = 0; path = JaneLeetCode; sourceTree = BUILT_PRODUCTS_DIR; };
		0E7350B824BCB9D000F5CFB4 /* main.m */ = {isa = PBXFileReference; lastKnownFileType = sourcecode.c.objc; path = main.m; sourceTree = "<group>"; };
		0E7350BF24BCC1EB00F5CFB4 /* main-无重复字符的最长子串.m */ = {isa = PBXFileReference; fileEncoding = 4; lastKnownFileType = sourcecode.c.objc; path = "main-无重复字符的最长子串.m"; sourceTree = "<group>"; };
		0E7350C024BCC1EB00F5CFB4 /* main-求三个数的中位数.m */ = {isa = PBXFileReference; fileEncoding = 4; lastKnownFileType = sourcecode.c.objc; path = "main-求三个数的中位数.m"; sourceTree = "<group>"; };
		0EF3A4A024BF55D900C9AC83 /* main-循环队列.m */ = {isa = PBXFileReference; fileEncoding = 4; lastKnownFileType = sourcecode.c.objc; path = "main-循环队列.m"; sourceTree = "<group>"; };
		0EF3A4A124BF55D900C9AC83 /* main-爬楼梯-斐波那契数.m */ = {isa = PBXFileReference; fileEncoding = 4; lastKnownFileType = sourcecode.c.objc; path = "main-爬楼梯-斐波那契数.m"; sourceTree = "<group>"; };
		CC4B147F24C57D1A00E950B8 /* main-合并两个有序数组.m */ = {isa = PBXFileReference; fileEncoding = 4; lastKnownFileType = sourcecode.c.objc; path = "main-合并两个有序数组.m"; sourceTree = "<group>"; };
		CC4B148124C58EFA00E950B8 /* main的副本2.m */ = {isa = PBXFileReference; fileEncoding = 4; lastKnownFileType = sourcecode.c.objc; path = "main的副本2.m"; sourceTree = "<group>"; };
		CC4B148224C58EFA00E950B8 /* main的副本3.m */ = {isa = PBXFileReference; fileEncoding = 4; lastKnownFileType = sourcecode.c.objc; path = "main的副本3.m"; sourceTree = "<group>"; };
		CC4B148324C58EFA00E950B8 /* main-二叉搜索树中的插入操作.m */ = {isa = PBXFileReference; fileEncoding = 4; lastKnownFileType = sourcecode.c.objc; path = "main-二叉搜索树中的插入操作.m"; sourceTree = "<group>"; };
/* End PBXFileReference section */

/* Begin PBXFrameworksBuildPhase section */
		0E7350B224BCB9D000F5CFB4 /* Frameworks */ = {
			isa = PBXFrameworksBuildPhase;
			buildActionMask = 2147483647;
			files = (
			);
			runOnlyForDeploymentPostprocessing = 0;
		};
/* End PBXFrameworksBuildPhase section */

/* Begin PBXGroup section */
		0E7350AC24BCB9D000F5CFB4 = {
			isa = PBXGroup;
			children = (
				0E7350B724BCB9D000F5CFB4 /* JaneLeetCode */,
				0E7350B624BCB9D000F5CFB4 /* Products */,
			);
			sourceTree = "<group>";
		};
		0E7350B624BCB9D000F5CFB4 /* Products */ = {
			isa = PBXGroup;
			children = (
				0E7350B524BCB9D000F5CFB4 /* JaneLeetCode */,
			);
			name = Products;
			sourceTree = "<group>";
		};
		0E7350B724BCB9D000F5CFB4 /* JaneLeetCode */ = {
			isa = PBXGroup;
			children = (
				CC4B148324C58EFA00E950B8 /* main-二叉搜索树中的插入操作.m */,
				CC4B148124C58EFA00E950B8 /* main的副本2.m */,
				CC4B148224C58EFA00E950B8 /* main的副本3.m */,
				CC4B147F24C57D1A00E950B8 /* main-合并两个有序数组.m */,
				0E7350B824BCB9D000F5CFB4 /* main.m */,
				0E33AC6A24C0B87200F2ACCB /* main-部分排序.m */,
				0E33AC6D24C0B87200F2ACCB /* main-合并两个有序链表.m */,
				0EF3A4A124BF55D900C9AC83 /* main-爬楼梯-斐波那契数.m */,
				0EF3A4A024BF55D900C9AC83 /* main-循环队列.m */,
				0E7350C024BCC1EB00F5CFB4 /* main-求三个数的中位数.m */,
				0E7350BF24BCC1EB00F5CFB4 /* main-无重复字符的最长子串.m */,
			);
			path = JaneLeetCode;
			sourceTree = "<group>";
		};
/* End PBXGroup section */

/* Begin PBXNativeTarget section */
		0E7350B424BCB9D000F5CFB4 /* JaneLeetCode */ = {
			isa = PBXNativeTarget;
			buildConfigurationList = 0E7350BC24BCB9D000F5CFB4 /* Build configuration list for PBXNativeTarget "JaneLeetCode" */;
			buildPhases = (
				0E7350B124BCB9D000F5CFB4 /* Sources */,
				0E7350B224BCB9D000F5CFB4 /* Frameworks */,
				0E7350B324BCB9D000F5CFB4 /* CopyFiles */,
			);
			buildRules = (
			);
			dependencies = (
			);
			name = JaneLeetCode;
			productName = JaneLeetCode;
			productReference = 0E7350B524BCB9D000F5CFB4 /* JaneLeetCode */;
			productType = "com.apple.product-type.tool";
		};
/* End PBXNativeTarget section */

/* Begin PBXProject section */
		0E7350AD24BCB9D000F5CFB4 /* Project object */ = {
			isa = PBXProject;
			attributes = {
				LastUpgradeCheck = 1130;
				ORGANIZATIONNAME = JJS;
				TargetAttributes = {
					0E7350B424BCB9D000F5CFB4 = {
						CreatedOnToolsVersion = 11.3;
					};
				};
			};
			buildConfigurationList = 0E7350B024BCB9D000F5CFB4 /* Build configuration list for PBXProject "JaneLeetCode" */;
			compatibilityVersion = "Xcode 9.3";
			developmentRegion = en;
			hasScannedForEncodings = 0;
			knownRegions = (
				en,
				Base,
			);
			mainGroup = 0E7350AC24BCB9D000F5CFB4;
			productRefGroup = 0E7350B624BCB9D000F5CFB4 /* Products */;
			projectDirPath = "";
			projectRoot = "";
			targets = (
				0E7350B424BCB9D000F5CFB4 /* JaneLeetCode */,
			);
		};
/* End PBXProject section */

/* Begin PBXSourcesBuildPhase section */
		0E7350B124BCB9D000F5CFB4 /* Sources */ = {
			isa = PBXSourcesBuildPhase;
			buildActionMask = 2147483647;
			files = (
				0E7350B924BCB9D000F5CFB4 /* main.m in Sources */,
			);
			runOnlyForDeploymentPostprocessing = 0;
		};
/* End PBXSourcesBuildPhase section */

/* Begin XCBuildConfiguration section */
		0E7350BA24BCB9D000F5CFB4 /* Debug */ = {
			isa = XCBuildConfiguration;
			buildSettings = {
				ALWAYS_SEARCH_USER_PATHS = NO;
				CLANG_ANALYZER_NONNULL = YES;
				CLANG_ANALYZER_NUMBER_OBJECT_CONVERSION = YES_AGGRESSIVE;
				CLANG_CXX_LANGUAGE_STANDARD = "gnu++14";
				CLANG_CXX_LIBRARY = "libc++";
				CLANG_ENABLE_MODULES = YES;
				CLANG_ENABLE_OBJC_ARC = YES;
				CLANG_ENABLE_OBJC_WEAK = YES;
				CLANG_WARN_BLOCK_CAPTURE_AUTORELEASING = YES;
				CLANG_WARN_BOOL_CONVERSION = YES;
				CLANG_WARN_COMMA = YES;
				CLANG_WARN_CONSTANT_CONVERSION = YES;
				CLANG_WARN_DEPRECATED_OBJC_IMPLEMENTATIONS = YES;
				CLANG_WARN_DIRECT_OBJC_ISA_USAGE = YES_ERROR;
				CLANG_WARN_DOCUMENTATION_COMMENTS = YES;
				CLANG_WARN_EMPTY_BODY = YES;
				CLANG_WARN_ENUM_CONVERSION = YES;
				CLANG_WARN_INFINITE_RECURSION = YES;
				CLANG_WARN_INT_CONVERSION = YES;
				CLANG_WARN_NON_LITERAL_NULL_CONVERSION = YES;
				CLANG_WARN_OBJC_IMPLICIT_RETAIN_SELF = YES;
				CLANG_WARN_OBJC_LITERAL_CONVERSION = YES;
				CLANG_WARN_OBJC_ROOT_CLASS = YES_ERROR;
				CLANG_WARN_RANGE_LOOP_ANALYSIS = YES;
				CLANG_WARN_STRICT_PROTOTYPES = YES;
				CLANG_WARN_SUSPICIOUS_MOVE = YES;
				CLANG_WARN_UNGUARDED_AVAILABILITY = YES_AGGRESSIVE;
				CLANG_WARN_UNREACHABLE_CODE = YES;
				CLANG_WARN__DUPLICATE_METHOD_MATCH = YES;
				COPY_PHASE_STRIP = NO;
				DEBUG_INFORMATION_FORMAT = dwarf;
				ENABLE_STRICT_OBJC_MSGSEND = YES;
				ENABLE_TESTABILITY = YES;
				GCC_C_LANGUAGE_STANDARD = gnu11;
				GCC_DYNAMIC_NO_PIC = NO;
				GCC_NO_COMMON_BLOCKS = YES;
				GCC_OPTIMIZATION_LEVEL = 0;
				GCC_PREPROCESSOR_DEFINITIONS = (
					"DEBUG=1",
					"$(inherited)",
				);
				GCC_WARN_64_TO_32_BIT_CONVERSION = YES;
				GCC_WARN_ABOUT_RETURN_TYPE = YES_ERROR;
				GCC_WARN_UNDECLARED_SELECTOR = YES;
				GCC_WARN_UNINITIALIZED_AUTOS = YES_AGGRESSIVE;
				GCC_WARN_UNUSED_FUNCTION = YES;
				GCC_WARN_UNUSED_VARIABLE = YES;
				MACOSX_DEPLOYMENT_TARGET = 10.15;
				MTL_ENABLE_DEBUG_INFO = INCLUDE_SOURCE;
				MTL_FAST_MATH = YES;
				ONLY_ACTIVE_ARCH = YES;
				SDKROOT = macosx;
			};
			name = Debug;
		};
		0E7350BB24BCB9D000F5CFB4 /* Release */ = {
			isa = XCBuildConfiguration;
			buildSettings = {
				ALWAYS_SEARCH_USER_PATHS = NO;
				CLANG_ANALYZER_NONNULL = YES;
				CLANG_ANALYZER_NUMBER_OBJECT_CONVERSION = YES_AGGRESSIVE;
				CLANG_CXX_LANGUAGE_STANDARD = "gnu++14";
				CLANG_CXX_LIBRARY = "libc++";
				CLANG_ENABLE_MODULES = YES;
				CLANG_ENABLE_OBJC_ARC = YES;
				CLANG_ENABLE_OBJC_WEAK = YES;
				CLANG_WARN_BLOCK_CAPTURE_AUTORELEASING = YES;
				CLANG_WARN_BOOL_CONVERSION = YES;
				CLANG_WARN_COMMA = YES;
				CLANG_WARN_CONSTANT_CONVERSION = YES;
				CLANG_WARN_DEPRECATED_OBJC_IMPLEMENTATIONS = YES;
				CLANG_WARN_DIRECT_OBJC_ISA_USAGE = YES_ERROR;
				CLANG_WARN_DOCUMENTATION_COMMENTS = YES;
				CLANG_WARN_EMPTY_BODY = YES;
				CLANG_WARN_ENUM_CONVERSION = YES;
				CLANG_WARN_INFINITE_RECURSION = YES;
				CLANG_WARN_INT_CONVERSION = YES;
				CLANG_WARN_NON_LITERAL_NULL_CONVERSION = YES;
				CLANG_WARN_OBJC_IMPLICIT_RETAIN_SELF = YES;
				CLANG_WARN_OBJC_LITERAL_CONVERSION = YES;
				CLANG_WARN_OBJC_ROOT_CLASS = YES_ERROR;
				CLANG_WARN_RANGE_LOOP_ANALYSIS = YES;
				CLANG_WARN_STRICT_PROTOTYPES = YES;
				CLANG_WARN_SUSPICIOUS_MOVE = YES;
				CLANG_WARN_UNGUARDED_AVAILABILITY = YES_AGGRESSIVE;
				CLANG_WARN_UNREACHABLE_CODE = YES;
				CLANG_WARN__DUPLICATE_METHOD_MATCH = YES;
				COPY_PHASE_STRIP = NO;
				DEBUG_INFORMATION_FORMAT = "dwarf-with-dsym";
				ENABLE_NS_ASSERTIONS = NO;
				ENABLE_STRICT_OBJC_MSGSEND = YES;
				GCC_C_LANGUAGE_STANDARD = gnu11;
				GCC_NO_COMMON_BLOCKS = YES;
				GCC_WARN_64_TO_32_BIT_CONVERSION = YES;
				GCC_WARN_ABOUT_RETURN_TYPE = YES_ERROR;
				GCC_WARN_UNDECLARED_SELECTOR = YES;
				GCC_WARN_UNINITIALIZED_AUTOS = YES_AGGRESSIVE;
				GCC_WARN_UNUSED_FUNCTION = YES;
				GCC_WARN_UNUSED_VARIABLE = YES;
				MACOSX_DEPLOYMENT_TARGET = 10.15;
				MTL_ENABLE_DEBUG_INFO = NO;
				MTL_FAST_MATH = YES;
				SDKROOT = macosx;
			};
			name = Release;
		};
		0E7350BD24BCB9D000F5CFB4 /* Debug */ = {
			isa = XCBuildConfiguration;
			buildSettings = {
				CODE_SIGN_STYLE = Automatic;
				PRODUCT_NAME = "$(TARGET_NAME)";
			};
			name = Debug;
		};
		0E7350BE24BCB9D000F5CFB4 /* Release */ = {
			isa = XCBuildConfiguration;
			buildSettings = {
				CODE_SIGN_STYLE = Automatic;
				PRODUCT_NAME = "$(TARGET_NAME)";
			};
			name = Release;
		};
/* End XCBuildConfiguration section */

/* Begin XCConfigurationList section */
		0E7350B024BCB9D000F5CFB4 /* Build configuration list for PBXProject "JaneLeetCode" */ = {
			isa = XCConfigurationList;
			buildConfigurations = (
				0E7350BA24BCB9D000F5CFB4 /* Debug */,
				0E7350BB24BCB9D000F5CFB4 /* Release */,
			);
			defaultConfigurationIsVisible = 0;
			defaultConfigurationName = Release;
		};
		0E7350BC24BCB9D000F5CFB4 /* Build configuration list for PBXNativeTarget "JaneLeetCode" */ = {
			isa = XCConfigurationList;
			buildConfigurations = (
				0E7350BD24BCB9D000F5CFB4 /* Debug */,
				0E7350BE24BCB9D000F5CFB4 /* Release */,
			);
			defaultConfigurationIsVisible = 0;
			defaultConfigurationName = Release;
		};
/* End XCConfigurationList section */
	};
	rootObject = 0E7350AD24BCB9D000F5CFB4 /* Project object */;
}
